
Microsoft Visual Studio Solution File, Format Version 12.00
# Visual Studio Version 17
VisualStudioVersion = 17.1.32210.238
MinimumVisualStudioVersion = 10.0.40219.1
Project("{FAE04EC0-301F-11D3-BF4B-00C04F79EFBC}") = "electronic_register", "electronic_register\electronic_register.csproj", "{EF26A15B-A77A-4C91-BD89-770E459085E7}"
EndProject
Global
	GlobalSection(SolutionConfigurationPlatforms) = preSolution
		Debug|Any CPU = Debug|Any CPU
		Release|Any CPU = Release|Any CPU
	EndGlobalSection
	GlobalSection(ProjectConfigurationPlatforms) = postSolution
		{EF26A15B-A77A-4C91-BD89-770E459085E7}.Debug|Any CPU.ActiveCfg = Debug|Any CPU
		{EF26A15B-A77A-4C91-BD89-770E459085E7}.Debug|Any CPU.Build.0 = Debug|Any CPU
		{EF26A15B-A77A-4C91-BD89-770E459085E7}.Release|Any CPU.ActiveCfg = Release|Any CPU
		{EF26A15B-A77A-4C91-BD89-770E459085E7}.Release|Any CPU.Build.0 = Release|Any CPU
	EndGlobalSection
	GlobalSection(SolutionProperties) = preSolution
		HideSolutionNode = FALSE
	EndGlobalSection
	GlobalSection(ExtensibilityGlobals) = postSolution
		SolutionGuid = {CADE7879-D11C-473C-AB32-6D8749525814}
	EndGlobalSection
EndGlobal
